
Microsoft Visual Studio Solution File, Format Version 11.00
# Visual Studio 2010
Project("{F184B08F-C81C-45F6-A57F-5ABD9991F28F}") = "ImageList Example Project", "ImageList Example Project\ImageList Example Project.vbproj", "{A62981DA-51EC-483A-A3B4-F9AEA7060A63}"
EndProject
Global
	GlobalSection(SolutionConfigurationPlatforms) = preSolution
		Debug|x86 = Debug|x86
		Release|x86 = Release|x86
	EndGlobalSection
	GlobalSection(ProjectConfigurationPlatforms) = postSolution
		{A62981DA-51EC-483A-A3B4-F9AEA7060A63}.Debug|x86.ActiveCfg = Debug|x86
		{A62981DA-51EC-483A-A3B4-F9AEA7060A63}.Debug|x86.Build.0 = Debug|x86
		{A62981DA-51EC-483A-A3B4-F9AEA7060A63}.Release|x86.ActiveCfg = Release|x86
		{A62981DA-51EC-483A-A3B4-F9AEA7060A63}.Release|x86.Build.0 = Release|x86
	EndGlobalSection
	GlobalSection(SolutionProperties) = preSolution
		HideSolutionNode = FALSE
	EndGlobalSection
EndGlobal
