
Microsoft Visual Studio Solution File, Format Version 11.00
# Visual Studio 2010
Project("{F184B08F-C81C-45F6-A57F-5ABD9991F28F}") = "Total Sales Project", "Total Sales Project\Total Sales Project.vbproj", "{E7D7F60A-E864-4BE5-B378-CEB3EA075D51}"
EndProject
Global
	GlobalSection(SolutionConfigurationPlatforms) = preSolution
		Debug|Any CPU = Debug|Any CPU
		Release|Any CPU = Release|Any CPU
	EndGlobalSection
	GlobalSection(ProjectConfigurationPlatforms) = postSolution
		{E7D7F60A-E864-4BE5-B378-CEB3EA075D51}.Debug|Any CPU.ActiveCfg = Debug|Any CPU
		{E7D7F60A-E864-4BE5-B378-CEB3EA075D51}.Debug|Any CPU.Build.0 = Debug|Any CPU
		{E7D7F60A-E864-4BE5-B378-CEB3EA075D51}.Release|Any CPU.ActiveCfg = Release|Any CPU
		{E7D7F60A-E864-4BE5-B378-CEB3EA075D51}.Release|Any CPU.Build.0 = Release|Any CPU
	EndGlobalSection
	GlobalSection(SolutionProperties) = preSolution
		HideSolutionNode = FALSE
	EndGlobalSection
EndGlobal
