
Microsoft Visual Studio Solution File, Format Version 11.00
# Visual Studio 2010
Project("{F184B08F-C81C-45F6-A57F-5ABD9991F28F}") = "Sydney Project", "Sydney Project\Sydney Project.vbproj", "{CB2277CC-A6CF-4036-BE58-F5509F2FD1DA}"
EndProject
Global
	GlobalSection(SolutionConfigurationPlatforms) = preSolution
		Debug|x86 = Debug|x86
		Release|x86 = Release|x86
	EndGlobalSection
	GlobalSection(ProjectConfigurationPlatforms) = postSolution
		{CB2277CC-A6CF-4036-BE58-F5509F2FD1DA}.Debug|x86.ActiveCfg = Debug|x86
		{CB2277CC-A6CF-4036-BE58-F5509F2FD1DA}.Debug|x86.Build.0 = Debug|x86
		{CB2277CC-A6CF-4036-BE58-F5509F2FD1DA}.Release|x86.ActiveCfg = Release|x86
		{CB2277CC-A6CF-4036-BE58-F5509F2FD1DA}.Release|x86.Build.0 = Release|x86
	EndGlobalSection
	GlobalSection(SolutionProperties) = preSolution
		HideSolutionNode = FALSE
	EndGlobalSection
EndGlobal
