
Microsoft Visual Studio Solution File, Format Version 11.00
# Visual Studio 2010
Project("{F184B08F-C81C-45F6-A57F-5ABD9991F28F}") = "Area Calculator Project", "Area Calculator Project\Area Calculator Project.vbproj", "{16F0305B-37B2-4EA7-BF39-3519D0A4819C}"
EndProject
Global
	GlobalSection(SolutionConfigurationPlatforms) = preSolution
		Debug|Any CPU = Debug|Any CPU
		Release|Any CPU = Release|Any CPU
	EndGlobalSection
	GlobalSection(ProjectConfigurationPlatforms) = postSolution
		{16F0305B-37B2-4EA7-BF39-3519D0A4819C}.Debug|Any CPU.ActiveCfg = Debug|Any CPU
		{16F0305B-37B2-4EA7-BF39-3519D0A4819C}.Debug|Any CPU.Build.0 = Debug|Any CPU
		{16F0305B-37B2-4EA7-BF39-3519D0A4819C}.Release|Any CPU.ActiveCfg = Release|Any CPU
		{16F0305B-37B2-4EA7-BF39-3519D0A4819C}.Release|Any CPU.Build.0 = Release|Any CPU
	EndGlobalSection
	GlobalSection(SolutionProperties) = preSolution
		HideSolutionNode = FALSE
	EndGlobalSection
EndGlobal
