
Microsoft Visual Studio Solution File, Format Version 11.00
# Visual Studio 2010
Project("{F184B08F-C81C-45F6-A57F-5ABD9991F28F}") = "Debug Project", "Debug Project\Debug Project.vbproj", "{186FC41F-F36B-4CA1-A320-A3BBE7013AA6}"
EndProject
Global
	GlobalSection(SolutionConfigurationPlatforms) = preSolution
		Debug|x86 = Debug|x86
		Release|x86 = Release|x86
	EndGlobalSection
	GlobalSection(ProjectConfigurationPlatforms) = postSolution
		{186FC41F-F36B-4CA1-A320-A3BBE7013AA6}.Debug|x86.ActiveCfg = Debug|x86
		{186FC41F-F36B-4CA1-A320-A3BBE7013AA6}.Debug|x86.Build.0 = Debug|x86
		{186FC41F-F36B-4CA1-A320-A3BBE7013AA6}.Release|x86.ActiveCfg = Release|x86
		{186FC41F-F36B-4CA1-A320-A3BBE7013AA6}.Release|x86.Build.0 = Release|x86
	EndGlobalSection
	GlobalSection(SolutionProperties) = preSolution
		HideSolutionNode = FALSE
	EndGlobalSection
EndGlobal
