
Microsoft Visual Studio Solution File, Format Version 11.00
# Visual Studio 2010
Project("{F184B08F-C81C-45F6-A57F-5ABD9991F28F}") = "Debug Project", "Debug Project\Debug Project.vbproj", "{FDC9EF73-CBF9-4233-8C78-C465FFC2637D}"
EndProject
Global
	GlobalSection(SolutionConfigurationPlatforms) = preSolution
		Debug|Any CPU = Debug|Any CPU
		Release|Any CPU = Release|Any CPU
	EndGlobalSection
	GlobalSection(ProjectConfigurationPlatforms) = postSolution
		{FDC9EF73-CBF9-4233-8C78-C465FFC2637D}.Debug|Any CPU.ActiveCfg = Debug|Any CPU
		{FDC9EF73-CBF9-4233-8C78-C465FFC2637D}.Debug|Any CPU.Build.0 = Debug|Any CPU
		{FDC9EF73-CBF9-4233-8C78-C465FFC2637D}.Release|Any CPU.ActiveCfg = Release|Any CPU
		{FDC9EF73-CBF9-4233-8C78-C465FFC2637D}.Release|Any CPU.Build.0 = Release|Any CPU
	EndGlobalSection
	GlobalSection(SolutionProperties) = preSolution
		HideSolutionNode = FALSE
	EndGlobalSection
EndGlobal
